
Microsoft Visual Studio Solution File, Format Version 12.00
# Visual Studio Version 16
VisualStudioVersion = 16.0.31605.320
MinimumVisualStudioVersion = 10.0.40219.1
Project("{FAE04EC0-301F-11D3-BF4B-00C04F79EFBC}") = "GreatItems", "GreatItems\GreatItems.csproj", "{B5710F80-BE2D-431B-B103-EDFB4A9EDEC6}"
EndProject
Global
	GlobalSection(SolutionConfigurationPlatforms) = preSolution
		Debug|Any CPU = Debug|Any CPU
		Release|Any CPU = Release|Any CPU
	EndGlobalSection
	GlobalSection(ProjectConfigurationPlatforms) = postSolution
		{B5710F80-BE2D-431B-B103-EDFB4A9EDEC6}.Debug|Any CPU.ActiveCfg = Debug|Any CPU
		{B5710F80-BE2D-431B-B103-EDFB4A9EDEC6}.Debug|Any CPU.Build.0 = Debug|Any CPU
		{B5710F80-BE2D-431B-B103-EDFB4A9EDEC6}.Release|Any CPU.ActiveCfg = Release|Any CPU
		{B5710F80-BE2D-431B-B103-EDFB4A9EDEC6}.Release|Any CPU.Build.0 = Release|Any CPU
	EndGlobalSection
	GlobalSection(SolutionProperties) = preSolution
		HideSolutionNode = FALSE
	EndGlobalSection
	GlobalSection(ExtensibilityGlobals) = postSolution
		SolutionGuid = {58F8BC1E-D19A-40BA-AF16-09F481750D86}
	EndGlobalSection
EndGlobal
